
Microsoft Visual Studio Solution File, Format Version 12.00
# Visual Studio 15
VisualStudioVersion = 15.0.28307.779
MinimumVisualStudioVersion = 10.0.40219.1
Project("{2150E333-8FDC-42A3-9474-1A3956D46DE8}") = "0 - Domain", "0 - Domain", "{110CAC9E-6B96-48A4-9F72-E1657EA0D5D4}"
EndProject
Project("{2150E333-8FDC-42A3-9474-1A3956D46DE8}") = "1 - Tests", "1 - Tests", "{9649F72A-CF2B-4611-9825-6D34DA8C9D55}"
EndProject
Project("{2150E333-8FDC-42A3-9474-1A3956D46DE8}") = "2 - Infra", "2 - Infra", "{CC5F4CAE-F571-4F95-8363-FE6C7921CDB2}"
EndProject
Project("{2150E333-8FDC-42A3-9474-1A3956D46DE8}") = "3 - API", "3 - API", "{806E818F-0CD4-4CA9-B564-956A73F0442E}"
EndProject
Project("{9A19103F-16F7-4668-BE54-9A1E7A4F7556}") = "GiveChange.Domain", "GiveChange.Domain\GiveChange.Domain.csproj", "{86B84203-608D-41BE-8CF1-12238D527422}"
EndProject
Project("{9A19103F-16F7-4668-BE54-9A1E7A4F7556}") = "GiveChange.Domain.Tests", "GiveChange.Domain.Tests\GiveChange.Domain.Tests.csproj", "{60E713F5-07AA-400F-A3BD-6ADA6DBFC4F4}"
EndProject
Project("{2150E333-8FDC-42A3-9474-1A3956D46DE8}") = "2.2 - Data", "2.2 - Data", "{B57C6C4C-E1D8-4962-B963-DF5422C845AA}"
EndProject
Project("{9A19103F-16F7-4668-BE54-9A1E7A4F7556}") = "GiveChange.Infra.Data", "GiveChange.Infra.Data\GiveChange.Infra.Data.csproj", "{1CC51D86-C38D-4D2B-9A8D-8DB7E8244C95}"
EndProject
Project("{FAE04EC0-301F-11D3-BF4B-00C04F79EFBC}") = "GiveChange.API", "GiveChange.API\GiveChange.API.csproj", "{FD7B54BB-9A28-402B-A99B-640DDFF1ED92}"
EndProject
Global
	GlobalSection(SolutionConfigurationPlatforms) = preSolution
		Debug|Any CPU = Debug|Any CPU
		Release|Any CPU = Release|Any CPU
	EndGlobalSection
	GlobalSection(ProjectConfigurationPlatforms) = postSolution
		{86B84203-608D-41BE-8CF1-12238D527422}.Debug|Any CPU.ActiveCfg = Debug|Any CPU
		{86B84203-608D-41BE-8CF1-12238D527422}.Debug|Any CPU.Build.0 = Debug|Any CPU
		{86B84203-608D-41BE-8CF1-12238D527422}.Release|Any CPU.ActiveCfg = Release|Any CPU
		{86B84203-608D-41BE-8CF1-12238D527422}.Release|Any CPU.Build.0 = Release|Any CPU
		{60E713F5-07AA-400F-A3BD-6ADA6DBFC4F4}.Debug|Any CPU.ActiveCfg = Debug|Any CPU
		{60E713F5-07AA-400F-A3BD-6ADA6DBFC4F4}.Debug|Any CPU.Build.0 = Debug|Any CPU
		{60E713F5-07AA-400F-A3BD-6ADA6DBFC4F4}.Release|Any CPU.ActiveCfg = Release|Any CPU
		{60E713F5-07AA-400F-A3BD-6ADA6DBFC4F4}.Release|Any CPU.Build.0 = Release|Any CPU
		{1CC51D86-C38D-4D2B-9A8D-8DB7E8244C95}.Debug|Any CPU.ActiveCfg = Debug|Any CPU
		{1CC51D86-C38D-4D2B-9A8D-8DB7E8244C95}.Debug|Any CPU.Build.0 = Debug|Any CPU
		{1CC51D86-C38D-4D2B-9A8D-8DB7E8244C95}.Release|Any CPU.ActiveCfg = Release|Any CPU
		{1CC51D86-C38D-4D2B-9A8D-8DB7E8244C95}.Release|Any CPU.Build.0 = Release|Any CPU
		{FD7B54BB-9A28-402B-A99B-640DDFF1ED92}.Debug|Any CPU.ActiveCfg = Debug|Any CPU
		{FD7B54BB-9A28-402B-A99B-640DDFF1ED92}.Debug|Any CPU.Build.0 = Debug|Any CPU
		{FD7B54BB-9A28-402B-A99B-640DDFF1ED92}.Release|Any CPU.ActiveCfg = Release|Any CPU
		{FD7B54BB-9A28-402B-A99B-640DDFF1ED92}.Release|Any CPU.Build.0 = Release|Any CPU
	EndGlobalSection
	GlobalSection(SolutionProperties) = preSolution
		HideSolutionNode = FALSE
	EndGlobalSection
	GlobalSection(NestedProjects) = preSolution
		{86B84203-608D-41BE-8CF1-12238D527422} = {110CAC9E-6B96-48A4-9F72-E1657EA0D5D4}
		{60E713F5-07AA-400F-A3BD-6ADA6DBFC4F4} = {9649F72A-CF2B-4611-9825-6D34DA8C9D55}
		{B57C6C4C-E1D8-4962-B963-DF5422C845AA} = {CC5F4CAE-F571-4F95-8363-FE6C7921CDB2}
		{1CC51D86-C38D-4D2B-9A8D-8DB7E8244C95} = {B57C6C4C-E1D8-4962-B963-DF5422C845AA}
		{FD7B54BB-9A28-402B-A99B-640DDFF1ED92} = {806E818F-0CD4-4CA9-B564-956A73F0442E}
	EndGlobalSection
	GlobalSection(ExtensibilityGlobals) = postSolution
		SolutionGuid = {4298202A-A239-4E06-B0A8-19E8A5CA3317}
	EndGlobalSection
EndGlobal
