
Microsoft Visual Studio Solution File, Format Version 12.00
# Visual Studio 15
VisualStudioVersion = 15.0.28307.779
MinimumVisualStudioVersion = 10.0.40219.1
Project("{2150E333-8FDC-42A3-9474-1A3956D46DE8}") = "0 - Domain", "0 - Domain", "{110CAC9E-6B96-48A4-9F72-E1657EA0D5D4}"
EndProject
Project("{2150E333-8FDC-42A3-9474-1A3956D46DE8}") = "1 - Tests", "1 - Tests", "{9649F72A-CF2B-4611-9825-6D34DA8C9D55}"
EndProject
Project("{2150E333-8FDC-42A3-9474-1A3956D46DE8}") = "2 - Infra", "2 - Infra", "{CC5F4CAE-F571-4F95-8363-FE6C7921CDB2}"
EndProject
Project("{2150E333-8FDC-42A3-9474-1A3956D46DE8}") = "3 - Application", "3 - Application", "{E4443D5A-D6DF-4982-81A3-A7567A913554}"
EndProject
Project("{2150E333-8FDC-42A3-9474-1A3956D46DE8}") = "4 - API", "4 - API", "{806E818F-0CD4-4CA9-B564-956A73F0442E}"
EndProject
Project("{2150E333-8FDC-42A3-9474-1A3956D46DE8}") = "5 - Presentation", "5 - Presentation", "{04C3CD92-D96F-4081-BF18-4B54ACD17DD2}"
EndProject
Project("{FAE04EC0-301F-11D3-BF4B-00C04F79EFBC}") = "GiveChange.Domain", "GiveChange.Domain\GiveChange.Domain.csproj", "{86B84203-608D-41BE-8CF1-12238D527422}"
EndProject
Project("{FAE04EC0-301F-11D3-BF4B-00C04F79EFBC}") = "GiveChange.Domain.Tests", "GiveChange.Domain.Tests\GiveChange.Domain.Tests.csproj", "{60E713F5-07AA-400F-A3BD-6ADA6DBFC4F4}"
EndProject
Project("{2150E333-8FDC-42A3-9474-1A3956D46DE8}") = "2.1 - CrosCutting", "2.1 - CrosCutting", "{20ABF3F3-17F0-4B2F-94EE-1D39D4FC8DF1}"
EndProject
Project("{2150E333-8FDC-42A3-9474-1A3956D46DE8}") = "2.2 - Data", "2.2 - Data", "{B57C6C4C-E1D8-4962-B963-DF5422C845AA}"
EndProject
Project("{FAE04EC0-301F-11D3-BF4B-00C04F79EFBC}") = "GiveChange.Infra.Data", "GiveChange.Infra.Data\GiveChange.Infra.Data.csproj", "{1CC51D86-C38D-4D2B-9A8D-8DB7E8244C95}"
EndProject
Project("{FAE04EC0-301F-11D3-BF4B-00C04F79EFBC}") = "GiveChange.Aplication", "GiveChange.Aplication\GiveChange.Aplication.csproj", "{BC8328D8-18E0-480D-A8EE-E87A8A59F601}"
EndProject
Project("{FAE04EC0-301F-11D3-BF4B-00C04F79EFBC}") = "GiveChange.API", "GiveChange.API\GiveChange.API.csproj", "{EB3BF0B2-4D04-4DC3-8046-5EC86437DFA9}"
EndProject
Global
	GlobalSection(SolutionConfigurationPlatforms) = preSolution
		Debug|Any CPU = Debug|Any CPU
		Release|Any CPU = Release|Any CPU
	EndGlobalSection
	GlobalSection(ProjectConfigurationPlatforms) = postSolution
		{86B84203-608D-41BE-8CF1-12238D527422}.Debug|Any CPU.ActiveCfg = Debug|Any CPU
		{86B84203-608D-41BE-8CF1-12238D527422}.Debug|Any CPU.Build.0 = Debug|Any CPU
		{86B84203-608D-41BE-8CF1-12238D527422}.Release|Any CPU.ActiveCfg = Release|Any CPU
		{86B84203-608D-41BE-8CF1-12238D527422}.Release|Any CPU.Build.0 = Release|Any CPU
		{60E713F5-07AA-400F-A3BD-6ADA6DBFC4F4}.Debug|Any CPU.ActiveCfg = Debug|Any CPU
		{60E713F5-07AA-400F-A3BD-6ADA6DBFC4F4}.Debug|Any CPU.Build.0 = Debug|Any CPU
		{60E713F5-07AA-400F-A3BD-6ADA6DBFC4F4}.Release|Any CPU.ActiveCfg = Release|Any CPU
		{60E713F5-07AA-400F-A3BD-6ADA6DBFC4F4}.Release|Any CPU.Build.0 = Release|Any CPU
		{1CC51D86-C38D-4D2B-9A8D-8DB7E8244C95}.Debug|Any CPU.ActiveCfg = Debug|Any CPU
		{1CC51D86-C38D-4D2B-9A8D-8DB7E8244C95}.Debug|Any CPU.Build.0 = Debug|Any CPU
		{1CC51D86-C38D-4D2B-9A8D-8DB7E8244C95}.Release|Any CPU.ActiveCfg = Release|Any CPU
		{1CC51D86-C38D-4D2B-9A8D-8DB7E8244C95}.Release|Any CPU.Build.0 = Release|Any CPU
		{BC8328D8-18E0-480D-A8EE-E87A8A59F601}.Debug|Any CPU.ActiveCfg = Debug|Any CPU
		{BC8328D8-18E0-480D-A8EE-E87A8A59F601}.Debug|Any CPU.Build.0 = Debug|Any CPU
		{BC8328D8-18E0-480D-A8EE-E87A8A59F601}.Release|Any CPU.ActiveCfg = Release|Any CPU
		{BC8328D8-18E0-480D-A8EE-E87A8A59F601}.Release|Any CPU.Build.0 = Release|Any CPU
		{EB3BF0B2-4D04-4DC3-8046-5EC86437DFA9}.Debug|Any CPU.ActiveCfg = Debug|Any CPU
		{EB3BF0B2-4D04-4DC3-8046-5EC86437DFA9}.Debug|Any CPU.Build.0 = Debug|Any CPU
		{EB3BF0B2-4D04-4DC3-8046-5EC86437DFA9}.Release|Any CPU.ActiveCfg = Release|Any CPU
		{EB3BF0B2-4D04-4DC3-8046-5EC86437DFA9}.Release|Any CPU.Build.0 = Release|Any CPU
	EndGlobalSection
	GlobalSection(SolutionProperties) = preSolution
		HideSolutionNode = FALSE
	EndGlobalSection
	GlobalSection(NestedProjects) = preSolution
		{86B84203-608D-41BE-8CF1-12238D527422} = {110CAC9E-6B96-48A4-9F72-E1657EA0D5D4}
		{60E713F5-07AA-400F-A3BD-6ADA6DBFC4F4} = {9649F72A-CF2B-4611-9825-6D34DA8C9D55}
		{20ABF3F3-17F0-4B2F-94EE-1D39D4FC8DF1} = {CC5F4CAE-F571-4F95-8363-FE6C7921CDB2}
		{B57C6C4C-E1D8-4962-B963-DF5422C845AA} = {CC5F4CAE-F571-4F95-8363-FE6C7921CDB2}
		{1CC51D86-C38D-4D2B-9A8D-8DB7E8244C95} = {B57C6C4C-E1D8-4962-B963-DF5422C845AA}
		{BC8328D8-18E0-480D-A8EE-E87A8A59F601} = {E4443D5A-D6DF-4982-81A3-A7567A913554}
		{EB3BF0B2-4D04-4DC3-8046-5EC86437DFA9} = {806E818F-0CD4-4CA9-B564-956A73F0442E}
	EndGlobalSection
	GlobalSection(ExtensibilityGlobals) = postSolution
		SolutionGuid = {4298202A-A239-4E06-B0A8-19E8A5CA3317}
	EndGlobalSection
EndGlobal
